
Microsoft Visual Studio Solution File, Format Version 12.00
# Visual Studio Version 17
VisualStudioVersion = 17.14.36310.24
MinimumVisualStudioVersion = 10.0.40219.1
Project("{2150E333-8FDC-42A3-9474-1A3956D46DE8}") = "src", "src", "{827E0CD3-B72D-47B6-A68D-7590B98EB39B}"
EndProject
Project("{FAE04EC0-301F-11D3-BF4B-00C04F79EFBC}") = "InventoryManagement.Domain", "src\InventoryManagement.Domain\InventoryManagement.Domain.csproj", "{A971A750-4E35-41B5-9CFA-9FC0D53DDF99}"
EndProject
Project("{FAE04EC0-301F-11D3-BF4B-00C04F79EFBC}") = "InventoryManagement.Application", "src\InventoryManagement.Application\InventoryManagement.Application.csproj", "{C2B9D82B-711D-425D-8212-C00BF64D26D6}"
EndProject
Project("{FAE04EC0-301F-11D3-BF4B-00C04F79EFBC}") = "InventoryManagement.Infrastructure", "src\InventoryManagement.Infrastructure\InventoryManagement.Infrastructure.csproj", "{BF12AB0A-C7EF-4B47-93EC-71B42B8A7874}"
EndProject
Project("{FAE04EC0-301F-11D3-BF4B-00C04F79EFBC}") = "InventoryManagement.API", "src\InventoryManagement.API\InventoryManagement.API.csproj", "{9855B55A-E3C6-429D-B37A-CEA729B2B96F}"
EndProject
Project("{2150E333-8FDC-42A3-9474-1A3956D46DE8}") = "tests", "tests", "{0AB3BF05-4346-4AA6-1389-037BE0695223}"
EndProject
Project("{FAE04EC0-301F-11D3-BF4B-00C04F79EFBC}") = "InventoryManagement.Application.Tests", "tests\InventoryManagement.Application.Tests\InventoryManagement.Application.Tests.csproj", "{C625C146-3A47-4EF2-9030-3DC7B3EE86D1}"
EndProject
Project("{2150E333-8FDC-42A3-9474-1A3956D46DE8}") = "docs", "docs", "{208BA388-4CEE-2CBF-559C-5607C099C1F8}"
EndProject
Global
	GlobalSection(SolutionConfigurationPlatforms) = preSolution
		Debug|Any CPU = Debug|Any CPU
		Debug|x64 = Debug|x64
		Debug|x86 = Debug|x86
		Release|Any CPU = Release|Any CPU
		Release|x64 = Release|x64
		Release|x86 = Release|x86
	EndGlobalSection
	GlobalSection(ProjectConfigurationPlatforms) = postSolution
		{A971A750-4E35-41B5-9CFA-9FC0D53DDF99}.Debug|Any CPU.ActiveCfg = Debug|Any CPU
		{A971A750-4E35-41B5-9CFA-9FC0D53DDF99}.Debug|Any CPU.Build.0 = Debug|Any CPU
		{A971A750-4E35-41B5-9CFA-9FC0D53DDF99}.Debug|x64.ActiveCfg = Debug|Any CPU
		{A971A750-4E35-41B5-9CFA-9FC0D53DDF99}.Debug|x64.Build.0 = Debug|Any CPU
		{A971A750-4E35-41B5-9CFA-9FC0D53DDF99}.Debug|x86.ActiveCfg = Debug|Any CPU
		{A971A750-4E35-41B5-9CFA-9FC0D53DDF99}.Debug|x86.Build.0 = Debug|Any CPU
		{A971A750-4E35-41B5-9CFA-9FC0D53DDF99}.Release|Any CPU.ActiveCfg = Release|Any CPU
		{A971A750-4E35-41B5-9CFA-9FC0D53DDF99}.Release|Any CPU.Build.0 = Release|Any CPU
		{A971A750-4E35-41B5-9CFA-9FC0D53DDF99}.Release|x64.ActiveCfg = Release|Any CPU
		{A971A750-4E35-41B5-9CFA-9FC0D53DDF99}.Release|x64.Build.0 = Release|Any CPU
		{A971A750-4E35-41B5-9CFA-9FC0D53DDF99}.Release|x86.ActiveCfg = Release|Any CPU
		{A971A750-4E35-41B5-9CFA-9FC0D53DDF99}.Release|x86.Build.0 = Release|Any CPU
		{C2B9D82B-711D-425D-8212-C00BF64D26D6}.Debug|Any CPU.ActiveCfg = Debug|Any CPU
		{C2B9D82B-711D-425D-8212-C00BF64D26D6}.Debug|Any CPU.Build.0 = Debug|Any CPU
		{C2B9D82B-711D-425D-8212-C00BF64D26D6}.Debug|x64.ActiveCfg = Debug|Any CPU
		{C2B9D82B-711D-425D-8212-C00BF64D26D6}.Debug|x64.Build.0 = Debug|Any CPU
		{C2B9D82B-711D-425D-8212-C00BF64D26D6}.Debug|x86.ActiveCfg = Debug|Any CPU
		{C2B9D82B-711D-425D-8212-C00BF64D26D6}.Debug|x86.Build.0 = Debug|Any CPU
		{C2B9D82B-711D-425D-8212-C00BF64D26D6}.Release|Any CPU.ActiveCfg = Release|Any CPU
		{C2B9D82B-711D-425D-8212-C00BF64D26D6}.Release|Any CPU.Build.0 = Release|Any CPU
		{C2B9D82B-711D-425D-8212-C00BF64D26D6}.Release|x64.ActiveCfg = Release|Any CPU
		{C2B9D82B-711D-425D-8212-C00BF64D26D6}.Release|x64.Build.0 = Release|Any CPU
		{C2B9D82B-711D-425D-8212-C00BF64D26D6}.Release|x86.ActiveCfg = Release|Any CPU
		{C2B9D82B-711D-425D-8212-C00BF64D26D6}.Release|x86.Build.0 = Release|Any CPU
		{BF12AB0A-C7EF-4B47-93EC-71B42B8A7874}.Debug|Any CPU.ActiveCfg = Debug|Any CPU
		{BF12AB0A-C7EF-4B47-93EC-71B42B8A7874}.Debug|Any CPU.Build.0 = Debug|Any CPU
		{BF12AB0A-C7EF-4B47-93EC-71B42B8A7874}.Debug|x64.ActiveCfg = Debug|Any CPU
		{BF12AB0A-C7EF-4B47-93EC-71B42B8A7874}.Debug|x64.Build.0 = Debug|Any CPU
		{BF12AB0A-C7EF-4B47-93EC-71B42B8A7874}.Debug|x86.ActiveCfg = Debug|Any CPU
		{BF12AB0A-C7EF-4B47-93EC-71B42B8A7874}.Debug|x86.Build.0 = Debug|Any CPU
		{BF12AB0A-C7EF-4B47-93EC-71B42B8A7874}.Release|Any CPU.ActiveCfg = Release|Any CPU
		{BF12AB0A-C7EF-4B47-93EC-71B42B8A7874}.Release|Any CPU.Build.0 = Release|Any CPU
		{BF12AB0A-C7EF-4B47-93EC-71B42B8A7874}.Release|x64.ActiveCfg = Release|Any CPU
		{BF12AB0A-C7EF-4B47-93EC-71B42B8A7874}.Release|x64.Build.0 = Release|Any CPU
		{BF12AB0A-C7EF-4B47-93EC-71B42B8A7874}.Release|x86.ActiveCfg = Release|Any CPU
		{BF12AB0A-C7EF-4B47-93EC-71B42B8A7874}.Release|x86.Build.0 = Release|Any CPU
		{9855B55A-E3C6-429D-B37A-CEA729B2B96F}.Debug|Any CPU.ActiveCfg = Debug|Any CPU
		{9855B55A-E3C6-429D-B37A-CEA729B2B96F}.Debug|Any CPU.Build.0 = Debug|Any CPU
		{9855B55A-E3C6-429D-B37A-CEA729B2B96F}.Debug|x64.ActiveCfg = Debug|Any CPU
		{9855B55A-E3C6-429D-B37A-CEA729B2B96F}.Debug|x64.Build.0 = Debug|Any CPU
		{9855B55A-E3C6-429D-B37A-CEA729B2B96F}.Debug|x86.ActiveCfg = Debug|Any CPU
		{9855B55A-E3C6-429D-B37A-CEA729B2B96F}.Debug|x86.Build.0 = Debug|Any CPU
		{9855B55A-E3C6-429D-B37A-CEA729B2B96F}.Release|Any CPU.ActiveCfg = Release|Any CPU
		{9855B55A-E3C6-429D-B37A-CEA729B2B96F}.Release|Any CPU.Build.0 = Release|Any CPU
		{9855B55A-E3C6-429D-B37A-CEA729B2B96F}.Release|x64.ActiveCfg = Release|Any CPU
		{9855B55A-E3C6-429D-B37A-CEA729B2B96F}.Release|x64.Build.0 = Release|Any CPU
		{9855B55A-E3C6-429D-B37A-CEA729B2B96F}.Release|x86.ActiveCfg = Release|Any CPU
		{9855B55A-E3C6-429D-B37A-CEA729B2B96F}.Release|x86.Build.0 = Release|Any CPU
		{C625C146-3A47-4EF2-9030-3DC7B3EE86D1}.Debug|Any CPU.ActiveCfg = Debug|Any CPU
		{C625C146-3A47-4EF2-9030-3DC7B3EE86D1}.Debug|Any CPU.Build.0 = Debug|Any CPU
		{C625C146-3A47-4EF2-9030-3DC7B3EE86D1}.Debug|x64.ActiveCfg = Debug|Any CPU
		{C625C146-3A47-4EF2-9030-3DC7B3EE86D1}.Debug|x64.Build.0 = Debug|Any CPU
		{C625C146-3A47-4EF2-9030-3DC7B3EE86D1}.Debug|x86.ActiveCfg = Debug|Any CPU
		{C625C146-3A47-4EF2-9030-3DC7B3EE86D1}.Debug|x86.Build.0 = Debug|Any CPU
		{C625C146-3A47-4EF2-9030-3DC7B3EE86D1}.Release|Any CPU.ActiveCfg = Release|Any CPU
		{C625C146-3A47-4EF2-9030-3DC7B3EE86D1}.Release|Any CPU.Build.0 = Release|Any CPU
		{C625C146-3A47-4EF2-9030-3DC7B3EE86D1}.Release|x64.ActiveCfg = Release|Any CPU
		{C625C146-3A47-4EF2-9030-3DC7B3EE86D1}.Release|x64.Build.0 = Release|Any CPU
		{C625C146-3A47-4EF2-9030-3DC7B3EE86D1}.Release|x86.ActiveCfg = Release|Any CPU
		{C625C146-3A47-4EF2-9030-3DC7B3EE86D1}.Release|x86.Build.0 = Release|Any CPU
	EndGlobalSection
	GlobalSection(SolutionProperties) = preSolution
		HideSolutionNode = FALSE
	EndGlobalSection
	GlobalSection(NestedProjects) = preSolution
		{A971A750-4E35-41B5-9CFA-9FC0D53DDF99} = {827E0CD3-B72D-47B6-A68D-7590B98EB39B}
		{C2B9D82B-711D-425D-8212-C00BF64D26D6} = {827E0CD3-B72D-47B6-A68D-7590B98EB39B}
		{BF12AB0A-C7EF-4B47-93EC-71B42B8A7874} = {827E0CD3-B72D-47B6-A68D-7590B98EB39B}
		{9855B55A-E3C6-429D-B37A-CEA729B2B96F} = {827E0CD3-B72D-47B6-A68D-7590B98EB39B}
		{C625C146-3A47-4EF2-9030-3DC7B3EE86D1} = {0AB3BF05-4346-4AA6-1389-037BE0695223}
	EndGlobalSection
	GlobalSection(ExtensibilityGlobals) = postSolution
		SolutionGuid = {34D8DF49-B84E-4A37-AE64-89DDD378D9BD}
	EndGlobalSection
EndGlobal
