<Solution>
  <Configurations>
    <Platform Name="Any CPU" />
    <Platform Name="x64" />
    <Platform Name="x86" />
  </Configurations>
  <Folder Name="/docs/">
    <File Path="docs\PR#3 Refactor-Changes.md" />
    <File Path="docs\PR#3 Current-Issues.md" />
    <File Path="docs\API-Testing-Guide.md" />
    <File Path="docs\Database-Schema.md" />
    <File Path="docs\Data-Flow-Architecture.md" />
    <File Path="docs\Domain-Model.md" />
    <File Path="docs\README.md" />
  </Folder>
  <Folder Name="/src/">
    <Project Path="src\InventoryManagement.API\InventoryManagement.API.csproj" />
    <Project Path="src\InventoryManagement.Application\InventoryManagement.Application.csproj" />
    <Project Path="src\InventoryManagement.Domain\InventoryManagement.Domain.csproj" />
    <Project Path="src\InventoryManagement.Infrastructure\InventoryManagement.Infrastructure.csproj" />
  </Folder>
  <Folder Name="/tests/">
    <Project Path="tests\InventoryManagement.API.Tests\InventoryManagement.API.Tests.csproj" />
    <Project Path="tests\InventoryManagement.Domain.Tests\InventoryManagement.Domain.Tests.csproj" />
    <Project Path="tests\InventoryManagement.Infrastructure.Tests\InventoryManagement.Infrastructure.Tests.csproj" />
    <Project Path="tests\InventoryManagement.Application.Tests\InventoryManagement.Application.Tests.csproj" />
  </Folder>
</Solution>
